
Microsoft Visual Studio Solution File, Format Version 12.00
# Visual Studio 15
VisualStudioVersion = 15.0.28010.2026
MinimumVisualStudioVersion = 10.0.40219.1
Project("{2150E333-8FDC-42A3-9474-1A3956D46DE8}") = "Business", "Business", "{F7253D6B-D206-4B35-9C26-A53190BCCE1F}"
EndProject
Project("{2150E333-8FDC-42A3-9474-1A3956D46DE8}") = "Host", "Host", "{95A3B8BF-F707-46CA-914D-A2C7885A8450}"
EndProject
Project("{2150E333-8FDC-42A3-9474-1A3956D46DE8}") = "Test", "Test", "{0224132F-C2BB-434E-9EB0-70B8CD4A384B}"
EndProject
Project("{2150E333-8FDC-42A3-9474-1A3956D46DE8}") = "DAL", "DAL", "{DAF3FBB7-DBB9-4EAD-A06D-6EC0C2B11D2E}"
EndProject
Project("{FAE04EC0-301F-11D3-BF4B-00C04F79EFBC}") = "Products.Business.Entities", "Business\Products.Business.Entities\Products.Business.Entities.csproj", "{8B5BA9B7-E32D-4A74-AF12-267DD34F41E4}"
EndProject
Project("{FAE04EC0-301F-11D3-BF4B-00C04F79EFBC}") = "Products.Business.Services", "Business\Products.Business.Services\Products.Business.Services.csproj", "{A6FA841D-3704-4D25-943A-51B2293237C7}"
EndProject
Project("{FAE04EC0-301F-11D3-BF4B-00C04F79EFBC}") = "Produts.DAL", "DAL\Produts.DAL\Produts.DAL.csproj", "{71C99B6C-29CD-4D23-8409-E1638D5FADDF}"
EndProject
Project("{FAE04EC0-301F-11D3-BF4B-00C04F79EFBC}") = "Products.DAL.EF", "DAL\Products.DAL.EF\Products.DAL.EF.csproj", "{59936105-31A9-47D4-B9B7-8E184496C06E}"
EndProject
Project("{FAE04EC0-301F-11D3-BF4B-00C04F79EFBC}") = "Products.Creator", "Host\Products.Creator\Products.Creator.csproj", "{3AD2F475-275D-420D-B35C-8C5C998C921F}"
EndProject
Global
	GlobalSection(SolutionConfigurationPlatforms) = preSolution
		Debug|Any CPU = Debug|Any CPU
		Release|Any CPU = Release|Any CPU
	EndGlobalSection
	GlobalSection(ProjectConfigurationPlatforms) = postSolution
		{8B5BA9B7-E32D-4A74-AF12-267DD34F41E4}.Debug|Any CPU.ActiveCfg = Debug|Any CPU
		{8B5BA9B7-E32D-4A74-AF12-267DD34F41E4}.Debug|Any CPU.Build.0 = Debug|Any CPU
		{8B5BA9B7-E32D-4A74-AF12-267DD34F41E4}.Release|Any CPU.ActiveCfg = Release|Any CPU
		{8B5BA9B7-E32D-4A74-AF12-267DD34F41E4}.Release|Any CPU.Build.0 = Release|Any CPU
		{A6FA841D-3704-4D25-943A-51B2293237C7}.Debug|Any CPU.ActiveCfg = Debug|Any CPU
		{A6FA841D-3704-4D25-943A-51B2293237C7}.Debug|Any CPU.Build.0 = Debug|Any CPU
		{A6FA841D-3704-4D25-943A-51B2293237C7}.Release|Any CPU.ActiveCfg = Release|Any CPU
		{A6FA841D-3704-4D25-943A-51B2293237C7}.Release|Any CPU.Build.0 = Release|Any CPU
		{71C99B6C-29CD-4D23-8409-E1638D5FADDF}.Debug|Any CPU.ActiveCfg = Debug|Any CPU
		{71C99B6C-29CD-4D23-8409-E1638D5FADDF}.Debug|Any CPU.Build.0 = Debug|Any CPU
		{71C99B6C-29CD-4D23-8409-E1638D5FADDF}.Release|Any CPU.ActiveCfg = Release|Any CPU
		{71C99B6C-29CD-4D23-8409-E1638D5FADDF}.Release|Any CPU.Build.0 = Release|Any CPU
		{59936105-31A9-47D4-B9B7-8E184496C06E}.Debug|Any CPU.ActiveCfg = Debug|Any CPU
		{59936105-31A9-47D4-B9B7-8E184496C06E}.Debug|Any CPU.Build.0 = Debug|Any CPU
		{59936105-31A9-47D4-B9B7-8E184496C06E}.Release|Any CPU.ActiveCfg = Release|Any CPU
		{59936105-31A9-47D4-B9B7-8E184496C06E}.Release|Any CPU.Build.0 = Release|Any CPU
		{3AD2F475-275D-420D-B35C-8C5C998C921F}.Debug|Any CPU.ActiveCfg = Debug|Any CPU
		{3AD2F475-275D-420D-B35C-8C5C998C921F}.Debug|Any CPU.Build.0 = Debug|Any CPU
		{3AD2F475-275D-420D-B35C-8C5C998C921F}.Release|Any CPU.ActiveCfg = Release|Any CPU
		{3AD2F475-275D-420D-B35C-8C5C998C921F}.Release|Any CPU.Build.0 = Release|Any CPU
	EndGlobalSection
	GlobalSection(SolutionProperties) = preSolution
		HideSolutionNode = FALSE
	EndGlobalSection
	GlobalSection(NestedProjects) = preSolution
		{8B5BA9B7-E32D-4A74-AF12-267DD34F41E4} = {F7253D6B-D206-4B35-9C26-A53190BCCE1F}
		{A6FA841D-3704-4D25-943A-51B2293237C7} = {F7253D6B-D206-4B35-9C26-A53190BCCE1F}
		{71C99B6C-29CD-4D23-8409-E1638D5FADDF} = {DAF3FBB7-DBB9-4EAD-A06D-6EC0C2B11D2E}
		{59936105-31A9-47D4-B9B7-8E184496C06E} = {DAF3FBB7-DBB9-4EAD-A06D-6EC0C2B11D2E}
		{3AD2F475-275D-420D-B35C-8C5C998C921F} = {95A3B8BF-F707-46CA-914D-A2C7885A8450}
	EndGlobalSection
	GlobalSection(ExtensibilityGlobals) = postSolution
		SolutionGuid = {AF029207-579A-4902-B425-32091E809C05}
	EndGlobalSection
EndGlobal
