
Microsoft Visual Studio Solution File, Format Version 12.00
# Visual Studio 15
VisualStudioVersion = 15.0.28010.2026
MinimumVisualStudioVersion = 10.0.40219.1
Project("{FAE04EC0-301F-11D3-BF4B-00C04F79EFBC}") = "Products.Core", "Products.Core\Products.Core.csproj", "{80A39E9B-C88E-424A-9844-F0C36B572F65}"
EndProject
Project("{FAE04EC0-301F-11D3-BF4B-00C04F79EFBC}") = "Products.Creator", "Products.Creator\Products.Creator.csproj", "{3AD2F475-275D-420D-B35C-8C5C998C921F}"
EndProject
Project("{FAE04EC0-301F-11D3-BF4B-00C04F79EFBC}") = "Products.Service", "Products.Service\Products.Service.csproj", "{BC5C10D7-69F7-495A-B2C5-F6B18DC82782}"
EndProject
Global
	GlobalSection(SolutionConfigurationPlatforms) = preSolution
		Debug|Any CPU = Debug|Any CPU
		Release|Any CPU = Release|Any CPU
	EndGlobalSection
	GlobalSection(ProjectConfigurationPlatforms) = postSolution
		{80A39E9B-C88E-424A-9844-F0C36B572F65}.Debug|Any CPU.ActiveCfg = Debug|Any CPU
		{80A39E9B-C88E-424A-9844-F0C36B572F65}.Debug|Any CPU.Build.0 = Debug|Any CPU
		{80A39E9B-C88E-424A-9844-F0C36B572F65}.Release|Any CPU.ActiveCfg = Release|Any CPU
		{80A39E9B-C88E-424A-9844-F0C36B572F65}.Release|Any CPU.Build.0 = Release|Any CPU
		{3AD2F475-275D-420D-B35C-8C5C998C921F}.Debug|Any CPU.ActiveCfg = Debug|Any CPU
		{3AD2F475-275D-420D-B35C-8C5C998C921F}.Debug|Any CPU.Build.0 = Debug|Any CPU
		{3AD2F475-275D-420D-B35C-8C5C998C921F}.Release|Any CPU.ActiveCfg = Release|Any CPU
		{3AD2F475-275D-420D-B35C-8C5C998C921F}.Release|Any CPU.Build.0 = Release|Any CPU
		{BC5C10D7-69F7-495A-B2C5-F6B18DC82782}.Debug|Any CPU.ActiveCfg = Debug|Any CPU
		{BC5C10D7-69F7-495A-B2C5-F6B18DC82782}.Debug|Any CPU.Build.0 = Debug|Any CPU
		{BC5C10D7-69F7-495A-B2C5-F6B18DC82782}.Release|Any CPU.ActiveCfg = Release|Any CPU
		{BC5C10D7-69F7-495A-B2C5-F6B18DC82782}.Release|Any CPU.Build.0 = Release|Any CPU
	EndGlobalSection
	GlobalSection(SolutionProperties) = preSolution
		HideSolutionNode = FALSE
	EndGlobalSection
	GlobalSection(ExtensibilityGlobals) = postSolution
		SolutionGuid = {AF029207-579A-4902-B425-32091E809C05}
	EndGlobalSection
EndGlobal
