
Microsoft Visual Studio Solution File, Format Version 12.00
# Visual Studio 15
VisualStudioVersion = 15.0.28010.2026
MinimumVisualStudioVersion = 10.0.40219.1
Project("{2150E333-8FDC-42A3-9474-1A3956D46DE8}") = "Business", "Business", "{F7253D6B-D206-4B35-9C26-A53190BCCE1F}"
EndProject
Project("{2150E333-8FDC-42A3-9474-1A3956D46DE8}") = "Host", "Host", "{95A3B8BF-F707-46CA-914D-A2C7885A8450}"
EndProject
Project("{2150E333-8FDC-42A3-9474-1A3956D46DE8}") = "Test", "Test", "{0224132F-C2BB-434E-9EB0-70B8CD4A384B}"
EndProject
Project("{2150E333-8FDC-42A3-9474-1A3956D46DE8}") = "DAL", "DAL", "{DAF3FBB7-DBB9-4EAD-A06D-6EC0C2B11D2E}"
EndProject
Project("{FAE04EC0-301F-11D3-BF4B-00C04F79EFBC}") = "Products.Business.Entities", "Business\Products.Business.Entities\Products.Business.Entities.csproj", "{8B5BA9B7-E32D-4A74-AF12-267DD34F41E4}"
EndProject
Project("{FAE04EC0-301F-11D3-BF4B-00C04F79EFBC}") = "Products.DAL.EF", "DAL\Products.DAL.EF\Products.DAL.EF.csproj", "{59936105-31A9-47D4-B9B7-8E184496C06E}"
EndProject
Project("{FAE04EC0-301F-11D3-BF4B-00C04F79EFBC}") = "Products.DAL.EF.LocalDB", "DAL\Products.DAL.EF.LocalDB\Products.DAL.EF.LocalDB.csproj", "{EF11E476-687A-47B6-9293-05081DCF376C}"
EndProject
Project("{FAE04EC0-301F-11D3-BF4B-00C04F79EFBC}") = "Products.DAL.EF.LocalDB.Tests", "Test\Products.DAL.EF.LocalDB.Tests\Products.DAL.EF.LocalDB.Tests.csproj", "{38F9F34F-58ED-4A5F-BF4E-EA3AD77E0CF9}"
EndProject
Project("{FAE04EC0-301F-11D3-BF4B-00C04F79EFBC}") = "Products.WebService", "Host\Products.WebService\Products.WebService.csproj", "{C3CCAF54-38D8-4DE6-8A98-32BD516D608B}"
EndProject
Project("{2150E333-8FDC-42A3-9474-1A3956D46DE8}") = "Infrastructure", "Infrastructure", "{7C7347E1-B056-48FC-AF3F-1D86CE167A37}"
EndProject
Project("{FAE04EC0-301F-11D3-BF4B-00C04F79EFBC}") = "Products.Infrastucture.Core", "Infrastructure\Products.Infrastucture.Core\Products.Infrastucture.Core.csproj", "{31B62DB8-BA6C-4A02-AB3E-C935E86D8EF9}"
EndProject
Project("{FAE04EC0-301F-11D3-BF4B-00C04F79EFBC}") = "Products.Infrastructure.DefaultLog", "Infrastructure\Products.Infrastructure.DefaultLog\Products.Infrastructure.DefaultLog.csproj", "{83F5CB9C-E053-4B0B-BB22-97FF229B3303}"
EndProject
Project("{FAE04EC0-301F-11D3-BF4B-00C04F79EFBC}") = "Products.DAL.Core", "DAL\Products.DAL.Core\Products.DAL.Core.csproj", "{71C99B6C-29CD-4D23-8409-E1638D5FADDF}"
EndProject
Project("{FAE04EC0-301F-11D3-BF4B-00C04F79EFBC}") = "Products.Business.Contracts", "Business\Products.Business.Contracts\Products.Business.Contracts.csproj", "{A6FA841D-3704-4D25-943A-51B2293237C7}"
EndProject
Project("{2150E333-8FDC-42A3-9474-1A3956D46DE8}") = "Client", "Client", "{5ABFDE1A-FC48-4B02-92D3-18569341595F}"
EndProject
Project("{FAE04EC0-301F-11D3-BF4B-00C04F79EFBC}") = "Products.Client.WCF", "Client\Products.Client.WCF\Products.Client.WCF.csproj", "{BAE844F9-1B20-49D1-8A48-D05491CB4C8A}"
EndProject
Project("{FAE04EC0-301F-11D3-BF4B-00C04F79EFBC}") = "Products.Client.ProductsBrowser", "Client\Products.Client.ProductsBrowser\Products.Client.ProductsBrowser.csproj", "{24517887-CB27-4268-AED8-ED4B1CEC4D72}"
EndProject
Project("{FAE04EC0-301F-11D3-BF4B-00C04F79EFBC}") = "Products.Client.ProductsCreator", "Client\Products.Client.ProductsCreator\Products.Client.ProductsCreator.csproj", "{3CD416EE-D69E-4043-9433-0E37B0A699D6}"
EndProject
Project("{FAE04EC0-301F-11D3-BF4B-00C04F79EFBC}") = "Products.Client.WCF.Tests", "Test\Products.Client.WCF.Tests\Products.Client.WCF.Tests.csproj", "{8B245BA8-8C31-455D-8C4B-CAD08EC4D81E}"
EndProject
Project("{FAE04EC0-301F-11D3-BF4B-00C04F79EFBC}") = "Products.Business.Services", "Business\Products.Business.Services\Products.Business.Services.csproj", "{9A4A2A70-5AE5-4DF7-9983-C845963C0D50}"
EndProject
Project("{FAE04EC0-301F-11D3-BF4B-00C04F79EFBC}") = "Products.Client.WPF.Common", "Client\Products.Client.WPF.Common\Products.Client.WPF.Common.csproj", "{8F734187-809D-45F6-A70B-182044B59127}"
EndProject
Global
	GlobalSection(SolutionConfigurationPlatforms) = preSolution
		Debug|Any CPU = Debug|Any CPU
		Release|Any CPU = Release|Any CPU
	EndGlobalSection
	GlobalSection(ProjectConfigurationPlatforms) = postSolution
		{8B5BA9B7-E32D-4A74-AF12-267DD34F41E4}.Debug|Any CPU.ActiveCfg = Debug|Any CPU
		{8B5BA9B7-E32D-4A74-AF12-267DD34F41E4}.Debug|Any CPU.Build.0 = Debug|Any CPU
		{8B5BA9B7-E32D-4A74-AF12-267DD34F41E4}.Release|Any CPU.ActiveCfg = Release|Any CPU
		{8B5BA9B7-E32D-4A74-AF12-267DD34F41E4}.Release|Any CPU.Build.0 = Release|Any CPU
		{59936105-31A9-47D4-B9B7-8E184496C06E}.Debug|Any CPU.ActiveCfg = Debug|Any CPU
		{59936105-31A9-47D4-B9B7-8E184496C06E}.Debug|Any CPU.Build.0 = Debug|Any CPU
		{59936105-31A9-47D4-B9B7-8E184496C06E}.Release|Any CPU.ActiveCfg = Release|Any CPU
		{59936105-31A9-47D4-B9B7-8E184496C06E}.Release|Any CPU.Build.0 = Release|Any CPU
		{EF11E476-687A-47B6-9293-05081DCF376C}.Debug|Any CPU.ActiveCfg = Debug|Any CPU
		{EF11E476-687A-47B6-9293-05081DCF376C}.Debug|Any CPU.Build.0 = Debug|Any CPU
		{EF11E476-687A-47B6-9293-05081DCF376C}.Release|Any CPU.ActiveCfg = Release|Any CPU
		{EF11E476-687A-47B6-9293-05081DCF376C}.Release|Any CPU.Build.0 = Release|Any CPU
		{38F9F34F-58ED-4A5F-BF4E-EA3AD77E0CF9}.Debug|Any CPU.ActiveCfg = Debug|Any CPU
		{38F9F34F-58ED-4A5F-BF4E-EA3AD77E0CF9}.Debug|Any CPU.Build.0 = Debug|Any CPU
		{38F9F34F-58ED-4A5F-BF4E-EA3AD77E0CF9}.Release|Any CPU.ActiveCfg = Release|Any CPU
		{38F9F34F-58ED-4A5F-BF4E-EA3AD77E0CF9}.Release|Any CPU.Build.0 = Release|Any CPU
		{C3CCAF54-38D8-4DE6-8A98-32BD516D608B}.Debug|Any CPU.ActiveCfg = Debug|Any CPU
		{C3CCAF54-38D8-4DE6-8A98-32BD516D608B}.Debug|Any CPU.Build.0 = Debug|Any CPU
		{C3CCAF54-38D8-4DE6-8A98-32BD516D608B}.Release|Any CPU.ActiveCfg = Release|Any CPU
		{C3CCAF54-38D8-4DE6-8A98-32BD516D608B}.Release|Any CPU.Build.0 = Release|Any CPU
		{31B62DB8-BA6C-4A02-AB3E-C935E86D8EF9}.Debug|Any CPU.ActiveCfg = Debug|Any CPU
		{31B62DB8-BA6C-4A02-AB3E-C935E86D8EF9}.Debug|Any CPU.Build.0 = Debug|Any CPU
		{31B62DB8-BA6C-4A02-AB3E-C935E86D8EF9}.Release|Any CPU.ActiveCfg = Release|Any CPU
		{31B62DB8-BA6C-4A02-AB3E-C935E86D8EF9}.Release|Any CPU.Build.0 = Release|Any CPU
		{83F5CB9C-E053-4B0B-BB22-97FF229B3303}.Debug|Any CPU.ActiveCfg = Debug|Any CPU
		{83F5CB9C-E053-4B0B-BB22-97FF229B3303}.Debug|Any CPU.Build.0 = Debug|Any CPU
		{83F5CB9C-E053-4B0B-BB22-97FF229B3303}.Release|Any CPU.ActiveCfg = Release|Any CPU
		{83F5CB9C-E053-4B0B-BB22-97FF229B3303}.Release|Any CPU.Build.0 = Release|Any CPU
		{71C99B6C-29CD-4D23-8409-E1638D5FADDF}.Debug|Any CPU.ActiveCfg = Debug|Any CPU
		{71C99B6C-29CD-4D23-8409-E1638D5FADDF}.Debug|Any CPU.Build.0 = Debug|Any CPU
		{71C99B6C-29CD-4D23-8409-E1638D5FADDF}.Release|Any CPU.ActiveCfg = Release|Any CPU
		{71C99B6C-29CD-4D23-8409-E1638D5FADDF}.Release|Any CPU.Build.0 = Release|Any CPU
		{A6FA841D-3704-4D25-943A-51B2293237C7}.Debug|Any CPU.ActiveCfg = Debug|Any CPU
		{A6FA841D-3704-4D25-943A-51B2293237C7}.Debug|Any CPU.Build.0 = Debug|Any CPU
		{A6FA841D-3704-4D25-943A-51B2293237C7}.Release|Any CPU.ActiveCfg = Release|Any CPU
		{A6FA841D-3704-4D25-943A-51B2293237C7}.Release|Any CPU.Build.0 = Release|Any CPU
		{BAE844F9-1B20-49D1-8A48-D05491CB4C8A}.Debug|Any CPU.ActiveCfg = Debug|Any CPU
		{BAE844F9-1B20-49D1-8A48-D05491CB4C8A}.Debug|Any CPU.Build.0 = Debug|Any CPU
		{BAE844F9-1B20-49D1-8A48-D05491CB4C8A}.Release|Any CPU.ActiveCfg = Release|Any CPU
		{BAE844F9-1B20-49D1-8A48-D05491CB4C8A}.Release|Any CPU.Build.0 = Release|Any CPU
		{24517887-CB27-4268-AED8-ED4B1CEC4D72}.Debug|Any CPU.ActiveCfg = Debug|Any CPU
		{24517887-CB27-4268-AED8-ED4B1CEC4D72}.Debug|Any CPU.Build.0 = Debug|Any CPU
		{24517887-CB27-4268-AED8-ED4B1CEC4D72}.Release|Any CPU.ActiveCfg = Release|Any CPU
		{24517887-CB27-4268-AED8-ED4B1CEC4D72}.Release|Any CPU.Build.0 = Release|Any CPU
		{3CD416EE-D69E-4043-9433-0E37B0A699D6}.Debug|Any CPU.ActiveCfg = Debug|Any CPU
		{3CD416EE-D69E-4043-9433-0E37B0A699D6}.Debug|Any CPU.Build.0 = Debug|Any CPU
		{3CD416EE-D69E-4043-9433-0E37B0A699D6}.Release|Any CPU.ActiveCfg = Release|Any CPU
		{3CD416EE-D69E-4043-9433-0E37B0A699D6}.Release|Any CPU.Build.0 = Release|Any CPU
		{8B245BA8-8C31-455D-8C4B-CAD08EC4D81E}.Debug|Any CPU.ActiveCfg = Debug|Any CPU
		{8B245BA8-8C31-455D-8C4B-CAD08EC4D81E}.Debug|Any CPU.Build.0 = Debug|Any CPU
		{8B245BA8-8C31-455D-8C4B-CAD08EC4D81E}.Release|Any CPU.ActiveCfg = Release|Any CPU
		{8B245BA8-8C31-455D-8C4B-CAD08EC4D81E}.Release|Any CPU.Build.0 = Release|Any CPU
		{9A4A2A70-5AE5-4DF7-9983-C845963C0D50}.Debug|Any CPU.ActiveCfg = Debug|Any CPU
		{9A4A2A70-5AE5-4DF7-9983-C845963C0D50}.Debug|Any CPU.Build.0 = Debug|Any CPU
		{9A4A2A70-5AE5-4DF7-9983-C845963C0D50}.Release|Any CPU.ActiveCfg = Release|Any CPU
		{9A4A2A70-5AE5-4DF7-9983-C845963C0D50}.Release|Any CPU.Build.0 = Release|Any CPU
		{8F734187-809D-45F6-A70B-182044B59127}.Debug|Any CPU.ActiveCfg = Debug|Any CPU
		{8F734187-809D-45F6-A70B-182044B59127}.Debug|Any CPU.Build.0 = Debug|Any CPU
		{8F734187-809D-45F6-A70B-182044B59127}.Release|Any CPU.ActiveCfg = Release|Any CPU
		{8F734187-809D-45F6-A70B-182044B59127}.Release|Any CPU.Build.0 = Release|Any CPU
	EndGlobalSection
	GlobalSection(SolutionProperties) = preSolution
		HideSolutionNode = FALSE
	EndGlobalSection
	GlobalSection(NestedProjects) = preSolution
		{8B5BA9B7-E32D-4A74-AF12-267DD34F41E4} = {F7253D6B-D206-4B35-9C26-A53190BCCE1F}
		{59936105-31A9-47D4-B9B7-8E184496C06E} = {DAF3FBB7-DBB9-4EAD-A06D-6EC0C2B11D2E}
		{EF11E476-687A-47B6-9293-05081DCF376C} = {DAF3FBB7-DBB9-4EAD-A06D-6EC0C2B11D2E}
		{38F9F34F-58ED-4A5F-BF4E-EA3AD77E0CF9} = {0224132F-C2BB-434E-9EB0-70B8CD4A384B}
		{C3CCAF54-38D8-4DE6-8A98-32BD516D608B} = {95A3B8BF-F707-46CA-914D-A2C7885A8450}
		{31B62DB8-BA6C-4A02-AB3E-C935E86D8EF9} = {7C7347E1-B056-48FC-AF3F-1D86CE167A37}
		{83F5CB9C-E053-4B0B-BB22-97FF229B3303} = {7C7347E1-B056-48FC-AF3F-1D86CE167A37}
		{71C99B6C-29CD-4D23-8409-E1638D5FADDF} = {DAF3FBB7-DBB9-4EAD-A06D-6EC0C2B11D2E}
		{A6FA841D-3704-4D25-943A-51B2293237C7} = {F7253D6B-D206-4B35-9C26-A53190BCCE1F}
		{BAE844F9-1B20-49D1-8A48-D05491CB4C8A} = {5ABFDE1A-FC48-4B02-92D3-18569341595F}
		{24517887-CB27-4268-AED8-ED4B1CEC4D72} = {5ABFDE1A-FC48-4B02-92D3-18569341595F}
		{3CD416EE-D69E-4043-9433-0E37B0A699D6} = {5ABFDE1A-FC48-4B02-92D3-18569341595F}
		{8B245BA8-8C31-455D-8C4B-CAD08EC4D81E} = {0224132F-C2BB-434E-9EB0-70B8CD4A384B}
		{9A4A2A70-5AE5-4DF7-9983-C845963C0D50} = {F7253D6B-D206-4B35-9C26-A53190BCCE1F}
		{8F734187-809D-45F6-A70B-182044B59127} = {5ABFDE1A-FC48-4B02-92D3-18569341595F}
	EndGlobalSection
	GlobalSection(ExtensibilityGlobals) = postSolution
		SolutionGuid = {AF029207-579A-4902-B425-32091E809C05}
	EndGlobalSection
EndGlobal
